
Microsoft Visual Studio Solution File, Format Version 12.00
# Visual Studio Version 17
VisualStudioVersion = 17.0.32014.148
MinimumVisualStudioVersion = 10.0.40219.1
Project("{FAE04EC0-301F-11D3-BF4B-00C04F79EFBC}") = "ConsoleApp2", "ConsoleApp2\ConsoleApp2.csproj", "{F68215B4-AF02-4B32-8783-98E8B7138833}"
EndProject
Global
	GlobalSection(SolutionConfigurationPlatforms) = preSolution
		Debug|Any CPU = Debug|Any CPU
		Release|Any CPU = Release|Any CPU
	EndGlobalSection
	GlobalSection(ProjectConfigurationPlatforms) = postSolution
		{F68215B4-AF02-4B32-8783-98E8B7138833}.Debug|Any CPU.ActiveCfg = Debug|Any CPU
		{F68215B4-AF02-4B32-8783-98E8B7138833}.Debug|Any CPU.Build.0 = Debug|Any CPU
		{F68215B4-AF02-4B32-8783-98E8B7138833}.Release|Any CPU.ActiveCfg = Release|Any CPU
		{F68215B4-AF02-4B32-8783-98E8B7138833}.Release|Any CPU.Build.0 = Release|Any CPU
	EndGlobalSection
	GlobalSection(SolutionProperties) = preSolution
		HideSolutionNode = FALSE
	EndGlobalSection
	GlobalSection(ExtensibilityGlobals) = postSolution
		SolutionGuid = {A1A2EF19-7BCB-470F-AFF2-38241840A140}
	EndGlobalSection
EndGlobal
